
Microsoft Visual Studio Solution File, Format Version 12.00
# Visual Studio Version 17
VisualStudioVersion = 17.4.33213.308
MinimumVisualStudioVersion = 10.0.40219.1
Project("{FAE04EC0-301F-11D3-BF4B-00C04F79EFBC}") = "Week8EpicGame", "Week8EpicGame\Week8EpicGame.csproj", "{19190357-25B4-4B9D-9971-C9E7FF1B7264}"
EndProject
Global
	GlobalSection(SolutionConfigurationPlatforms) = preSolution
		Debug|Any CPU = Debug|Any CPU
		Release|Any CPU = Release|Any CPU
	EndGlobalSection
	GlobalSection(ProjectConfigurationPlatforms) = postSolution
		{19190357-25B4-4B9D-9971-C9E7FF1B7264}.Debug|Any CPU.ActiveCfg = Debug|Any CPU
		{19190357-25B4-4B9D-9971-C9E7FF1B7264}.Debug|Any CPU.Build.0 = Debug|Any CPU
		{19190357-25B4-4B9D-9971-C9E7FF1B7264}.Release|Any CPU.ActiveCfg = Release|Any CPU
		{19190357-25B4-4B9D-9971-C9E7FF1B7264}.Release|Any CPU.Build.0 = Release|Any CPU
	EndGlobalSection
	GlobalSection(SolutionProperties) = preSolution
		HideSolutionNode = FALSE
	EndGlobalSection
	GlobalSection(ExtensibilityGlobals) = postSolution
		SolutionGuid = {6CA91874-7C86-46BD-AF99-E94A0DF1E71B}
	EndGlobalSection
EndGlobal
